
Microsoft Visual Studio Solution File, Format Version 12.00
# Visual Studio Version 17
VisualStudioVersion = 17.4.33213.308
MinimumVisualStudioVersion = 10.0.40219.1
Project("{FAE04EC0-301F-11D3-BF4B-00C04F79EFBC}") = "EFCore_CodeFirstDemo", "EFCore_CodeFirstDemo\EFCore_CodeFirstDemo.csproj", "{BA14CDA4-BF9C-47F2-B0CF-447D019CDE07}"
EndProject
Global
	GlobalSection(SolutionConfigurationPlatforms) = preSolution
		Debug|Any CPU = Debug|Any CPU
		Release|Any CPU = Release|Any CPU
	EndGlobalSection
	GlobalSection(ProjectConfigurationPlatforms) = postSolution
		{BA14CDA4-BF9C-47F2-B0CF-447D019CDE07}.Debug|Any CPU.ActiveCfg = Debug|Any CPU
		{BA14CDA4-BF9C-47F2-B0CF-447D019CDE07}.Debug|Any CPU.Build.0 = Debug|Any CPU
		{BA14CDA4-BF9C-47F2-B0CF-447D019CDE07}.Release|Any CPU.ActiveCfg = Release|Any CPU
		{BA14CDA4-BF9C-47F2-B0CF-447D019CDE07}.Release|Any CPU.Build.0 = Release|Any CPU
	EndGlobalSection
	GlobalSection(SolutionProperties) = preSolution
		HideSolutionNode = FALSE
	EndGlobalSection
	GlobalSection(ExtensibilityGlobals) = postSolution
		SolutionGuid = {68D88292-24AD-4148-8CC6-C185DE787DAF}
	EndGlobalSection
EndGlobal
